
Microsoft Visual Studio Solution File, Format Version 12.00
# Visual Studio Version 17
VisualStudioVersion = 17.10.35027.167
MinimumVisualStudioVersion = 10.0.40219.1
Project("{FAE04EC0-301F-11D3-BF4B-00C04F79EFBC}") = "TaskManagmentSystem.API", "TaskManagmentSystem.API\TaskManagmentSystem.API.csproj", "{8479CBB9-F52D-478C-AE6D-DCA3F98F0E03}"
EndProject
Project("{FAE04EC0-301F-11D3-BF4B-00C04F79EFBC}") = "TaskManagementSystem.Domain", "TaskManagementSystem.Domain\TaskManagementSystem.Domain.csproj", "{E7A7A291-AA49-4049-B5E0-019725211DB3}"
EndProject
Project("{FAE04EC0-301F-11D3-BF4B-00C04F79EFBC}") = "TaskManagementSystem.Application", "TaskManagementSystem.Application\TaskManagementSystem.Application.csproj", "{87390629-0229-4BD1-A79B-9A73AEFCD3F1}"
EndProject
Project("{FAE04EC0-301F-11D3-BF4B-00C04F79EFBC}") = "TaskManagemenSystem.Infrastructure", "TaskManagemenSystem.Infrastructure\TaskManagemenSystem.Infrastructure.csproj", "{4E375656-A917-4B2D-8F67-A4199AB5F923}"
EndProject
Global
	GlobalSection(SolutionConfigurationPlatforms) = preSolution
		Debug|Any CPU = Debug|Any CPU
		Release|Any CPU = Release|Any CPU
	EndGlobalSection
	GlobalSection(ProjectConfigurationPlatforms) = postSolution
		{8479CBB9-F52D-478C-AE6D-DCA3F98F0E03}.Debug|Any CPU.ActiveCfg = Debug|Any CPU
		{8479CBB9-F52D-478C-AE6D-DCA3F98F0E03}.Debug|Any CPU.Build.0 = Debug|Any CPU
		{8479CBB9-F52D-478C-AE6D-DCA3F98F0E03}.Release|Any CPU.ActiveCfg = Release|Any CPU
		{8479CBB9-F52D-478C-AE6D-DCA3F98F0E03}.Release|Any CPU.Build.0 = Release|Any CPU
		{E7A7A291-AA49-4049-B5E0-019725211DB3}.Debug|Any CPU.ActiveCfg = Debug|Any CPU
		{E7A7A291-AA49-4049-B5E0-019725211DB3}.Debug|Any CPU.Build.0 = Debug|Any CPU
		{E7A7A291-AA49-4049-B5E0-019725211DB3}.Release|Any CPU.ActiveCfg = Release|Any CPU
		{E7A7A291-AA49-4049-B5E0-019725211DB3}.Release|Any CPU.Build.0 = Release|Any CPU
		{87390629-0229-4BD1-A79B-9A73AEFCD3F1}.Debug|Any CPU.ActiveCfg = Debug|Any CPU
		{87390629-0229-4BD1-A79B-9A73AEFCD3F1}.Debug|Any CPU.Build.0 = Debug|Any CPU
		{87390629-0229-4BD1-A79B-9A73AEFCD3F1}.Release|Any CPU.ActiveCfg = Release|Any CPU
		{87390629-0229-4BD1-A79B-9A73AEFCD3F1}.Release|Any CPU.Build.0 = Release|Any CPU
		{4E375656-A917-4B2D-8F67-A4199AB5F923}.Debug|Any CPU.ActiveCfg = Debug|Any CPU
		{4E375656-A917-4B2D-8F67-A4199AB5F923}.Debug|Any CPU.Build.0 = Debug|Any CPU
		{4E375656-A917-4B2D-8F67-A4199AB5F923}.Release|Any CPU.ActiveCfg = Release|Any CPU
		{4E375656-A917-4B2D-8F67-A4199AB5F923}.Release|Any CPU.Build.0 = Release|Any CPU
	EndGlobalSection
	GlobalSection(SolutionProperties) = preSolution
		HideSolutionNode = FALSE
	EndGlobalSection
	GlobalSection(ExtensibilityGlobals) = postSolution
		SolutionGuid = {6104F6A6-673D-4933-A9B1-D218B2B54D07}
	EndGlobalSection
EndGlobal
